{
  "version": 4,
  "terraform_version": "0.13.0",
  "serial": 49,
  "lineage": "801b601c-e44a-5bb7-1de5-0d01e3b6adeb",
  "outputs": {},
  "resources": [
    {
      "mode": "data",
      "type": "aws_ami",
      "name": "ubuntu",
      "provider": "provider[\"registry.terraform.io/hashicorp/aws\"]",
      "instances": [
        {
          "schema_version": 0,
          "attributes": {
            "architecture": "x86_64",
            "arn": "arn:aws:ec2:us-east-1::image/ami-0c34018d0aabaef93",
            "block_device_mappings": [
              {
                "device_name": "/dev/sda1",
                "ebs": {
                  "delete_on_termination": "true",
                  "encrypted": "false",
                  "iops": "0",
                  "snapshot_id": "snap-0d75c985138c69fb1",
                  "volume_size": "8",
                  "volume_type": "gp2"
                },
                "no_device": "",
                "virtual_name": ""
              },
              {
                "device_name": "/dev/sdb",
                "ebs": {},
                "no_device": "",
                "virtual_name": "ephemeral0"
              },
              {
                "device_name": "/dev/sdc",
                "ebs": {},
                "no_device": "",
                "virtual_name": "ephemeral1"
              }
            ],
            "creation_date": "2020-08-24T17:24:51.000Z",
            "description": "Canonical, Ubuntu, 18.04 LTS, amd64 bionic image build on 2020-08-21",
            "executable_users": null,
            "filter": [
              {
                "name": "name",
                "values": [
                  "ubuntu/images/hvm-ssd/ubuntu-bionic-18.04-amd64-server-*"
                ]
              },
              {
                "name": "virtualization-type",
                "values": [
                  "hvm"
                ]
              }
            ],
            "hypervisor": "xen",
            "id": "ami-0c34018d0aabaef93",
            "image_id": "ami-0c34018d0aabaef93",
            "image_location": "099720109477/ubuntu/images/hvm-ssd/ubuntu-bionic-18.04-amd64-server-20200821.1",
            "image_owner_alias": null,
            "image_type": "machine",
            "kernel_id": null,
            "most_recent": true,
            "name": "ubuntu/images/hvm-ssd/ubuntu-bionic-18.04-amd64-server-20200821.1",
            "name_regex": null,
            "owner_id": "099720109477",
            "owners": [
              "099720109477"
            ],
            "platform": null,
            "product_codes": [],
            "public": true,
            "ramdisk_id": null,
            "root_device_name": "/dev/sda1",
            "root_device_type": "ebs",
            "root_snapshot_id": "snap-0d75c985138c69fb1",
            "sriov_net_support": "simple",
            "state": "available",
            "state_reason": {
              "code": "UNSET",
              "message": "UNSET"
            },
            "tags": {},
            "virtualization_type": "hvm"
          }
        }
      ]
    },
    {
      "mode": "data",
      "type": "template_cloudinit_config",
      "name": "cloudinit-jenkins",
      "provider": "provider[\"registry.terraform.io/hashicorp/template\"]",
      "instances": [
        {
          "schema_version": 0,
          "attributes": {
            "base64_encode": false,
            "gzip": false,
            "id": "242614922",
            "part": [
              {
                "content": "#!/bin/bash\n\n# volume setup\nvgchange -ay\n\nDEVICE_FS=`blkid -o value -s TYPE /dev/xvdh`\nif [ \"`echo -n $DEVICE_FS`\" == \"\" ] ; then \n  # wait for the device to be attached\n  DEVICENAME=`echo \"/dev/xvdh\" | awk -F '/' '{print $3}'`\n  DEVICEEXISTS=''\n  while [[ -z $DEVICEEXISTS ]]; do\n    echo \"checking $DEVICENAME\"\n    DEVICEEXISTS=`lsblk |grep \"$DEVICENAME\" |wc -l`\n    if [[ $DEVICEEXISTS != \"1\" ]]; then\n      sleep 15\n    fi\n  done\n  pvcreate /dev/xvdh\n  vgcreate data /dev/xvdh\n  lvcreate --name volume1 -l 100%FREE data\n  mkfs.ext4 /dev/data/volume1\nfi\nmkdir -p /var/lib/jenkins\necho '/dev/data/volume1 /var/lib/jenkins ext4 defaults 0 0' \u003e\u003e /etc/fstab\nmount /var/lib/jenkins\n\n# jenkins repository\nwget -q -O - https://pkg.jenkins.io/debian-stable/jenkins.io.key | sudo apt-key add -\necho \"deb http://pkg.jenkins.io/debian-stable binary/\" \u003e\u003e /etc/apt/sources.list\napt-get update\n\n# install dependencies\napt-get install -y python3 openjdk-11-jdk awscli\n# install jenkins\napt-get install -y jenkins=2.235.5 unzip\n\n# install terraform\nwget -q https://releases.hashicorp.com/terraform/0.12.23/terraform_0.12.23_linux_amd64.zip \\\n\u0026\u0026 unzip -o terraform_0.12.23_linux_amd64.zip -d /usr/local/bin \\\n\u0026\u0026 rm terraform_0.12.23_linux_amd64.zip\n\n# install packer\ncd /usr/local/bin\nwget -q https://releases.hashicorp.com/packer/0.10.2/packer_0.10.2_linux_amd64.zip\nunzip packer_0.10.2_linux_amd64.zip\n# clean up\napt-get clean\nrm terraform_0.12.23_linux_amd64.zip\nrm packer_0.10.2_linux_amd64.zip\n",
                "content_type": "text/x-shellscript",
                "filename": "",
                "merge_type": ""
              }
            ],
            "rendered": "Content-Type: multipart/mixed; boundary=\"MIMEBOUNDARY\"\nMIME-Version: 1.0\r\n\r\n--MIMEBOUNDARY\r\nContent-Transfer-Encoding: 7bit\r\nContent-Type: text/x-shellscript\r\nMime-Version: 1.0\r\n\r\n#!/bin/bash\n\n# volume setup\nvgchange -ay\n\nDEVICE_FS=`blkid -o value -s TYPE /dev/xvdh`\nif [ \"`echo -n $DEVICE_FS`\" == \"\" ] ; then \n  # wait for the device to be attached\n  DEVICENAME=`echo \"/dev/xvdh\" | awk -F '/' '{print $3}'`\n  DEVICEEXISTS=''\n  while [[ -z $DEVICEEXISTS ]]; do\n    echo \"checking $DEVICENAME\"\n    DEVICEEXISTS=`lsblk |grep \"$DEVICENAME\" |wc -l`\n    if [[ $DEVICEEXISTS != \"1\" ]]; then\n      sleep 15\n    fi\n  done\n  pvcreate /dev/xvdh\n  vgcreate data /dev/xvdh\n  lvcreate --name volume1 -l 100%FREE data\n  mkfs.ext4 /dev/data/volume1\nfi\nmkdir -p /var/lib/jenkins\necho '/dev/data/volume1 /var/lib/jenkins ext4 defaults 0 0' \u003e\u003e /etc/fstab\nmount /var/lib/jenkins\n\n# jenkins repository\nwget -q -O - https://pkg.jenkins.io/debian-stable/jenkins.io.key | sudo apt-key add -\necho \"deb http://pkg.jenkins.io/debian-stable binary/\" \u003e\u003e /etc/apt/sources.list\napt-get update\n\n# install dependencies\napt-get install -y python3 openjdk-11-jdk awscli\n# install jenkins\napt-get install -y jenkins=2.235.5 unzip\n\n# install terraform\nwget -q https://releases.hashicorp.com/terraform/0.12.23/terraform_0.12.23_linux_amd64.zip \\\n\u0026\u0026 unzip -o terraform_0.12.23_linux_amd64.zip -d /usr/local/bin \\\n\u0026\u0026 rm terraform_0.12.23_linux_amd64.zip\n\n# install packer\ncd /usr/local/bin\nwget -q https://releases.hashicorp.com/packer/0.10.2/packer_0.10.2_linux_amd64.zip\nunzip packer_0.10.2_linux_amd64.zip\n# clean up\napt-get clean\nrm terraform_0.12.23_linux_amd64.zip\nrm packer_0.10.2_linux_amd64.zip\n\r\n--MIMEBOUNDARY--\r\n"
          }
        }
      ]
    },
    {
      "mode": "data",
      "type": "template_file",
      "name": "jenkins-init",
      "provider": "provider[\"registry.terraform.io/hashicorp/template\"]",
      "instances": [
        {
          "schema_version": 0,
          "attributes": {
            "filename": null,
            "id": "fcf28d47f155dc7ab2f89e2e0171804155f6214634e89f719b6194818f8f56ec",
            "rendered": "#!/bin/bash\n\n# volume setup\nvgchange -ay\n\nDEVICE_FS=`blkid -o value -s TYPE /dev/xvdh`\nif [ \"`echo -n $DEVICE_FS`\" == \"\" ] ; then \n  # wait for the device to be attached\n  DEVICENAME=`echo \"/dev/xvdh\" | awk -F '/' '{print $3}'`\n  DEVICEEXISTS=''\n  while [[ -z $DEVICEEXISTS ]]; do\n    echo \"checking $DEVICENAME\"\n    DEVICEEXISTS=`lsblk |grep \"$DEVICENAME\" |wc -l`\n    if [[ $DEVICEEXISTS != \"1\" ]]; then\n      sleep 15\n    fi\n  done\n  pvcreate /dev/xvdh\n  vgcreate data /dev/xvdh\n  lvcreate --name volume1 -l 100%FREE data\n  mkfs.ext4 /dev/data/volume1\nfi\nmkdir -p /var/lib/jenkins\necho '/dev/data/volume1 /var/lib/jenkins ext4 defaults 0 0' \u003e\u003e /etc/fstab\nmount /var/lib/jenkins\n\n# jenkins repository\nwget -q -O - https://pkg.jenkins.io/debian-stable/jenkins.io.key | sudo apt-key add -\necho \"deb http://pkg.jenkins.io/debian-stable binary/\" \u003e\u003e /etc/apt/sources.list\napt-get update\n\n# install dependencies\napt-get install -y python3 openjdk-11-jdk awscli\n# install jenkins\napt-get install -y jenkins=2.235.5 unzip\n\n# install terraform\nwget -q https://releases.hashicorp.com/terraform/0.12.23/terraform_0.12.23_linux_amd64.zip \\\n\u0026\u0026 unzip -o terraform_0.12.23_linux_amd64.zip -d /usr/local/bin \\\n\u0026\u0026 rm terraform_0.12.23_linux_amd64.zip\n\n# install packer\ncd /usr/local/bin\nwget -q https://releases.hashicorp.com/packer/0.10.2/packer_0.10.2_linux_amd64.zip\nunzip packer_0.10.2_linux_amd64.zip\n# clean up\napt-get clean\nrm terraform_0.12.23_linux_amd64.zip\nrm packer_0.10.2_linux_amd64.zip\n",
            "template": "#!/bin/bash\n\n# volume setup\nvgchange -ay\n\nDEVICE_FS=`blkid -o value -s TYPE ${DEVICE}`\nif [ \"`echo -n $DEVICE_FS`\" == \"\" ] ; then \n  # wait for the device to be attached\n  DEVICENAME=`echo \"${DEVICE}\" | awk -F '/' '{print $3}'`\n  DEVICEEXISTS=''\n  while [[ -z $DEVICEEXISTS ]]; do\n    echo \"checking $DEVICENAME\"\n    DEVICEEXISTS=`lsblk |grep \"$DEVICENAME\" |wc -l`\n    if [[ $DEVICEEXISTS != \"1\" ]]; then\n      sleep 15\n    fi\n  done\n  pvcreate ${DEVICE}\n  vgcreate data ${DEVICE}\n  lvcreate --name volume1 -l 100%FREE data\n  mkfs.ext4 /dev/data/volume1\nfi\nmkdir -p /var/lib/jenkins\necho '/dev/data/volume1 /var/lib/jenkins ext4 defaults 0 0' \u003e\u003e /etc/fstab\nmount /var/lib/jenkins\n\n# jenkins repository\nwget -q -O - https://pkg.jenkins.io/debian-stable/jenkins.io.key | sudo apt-key add -\necho \"deb http://pkg.jenkins.io/debian-stable binary/\" \u003e\u003e /etc/apt/sources.list\napt-get update\n\n# install dependencies\napt-get install -y python3 openjdk-11-jdk awscli\n# install jenkins\napt-get install -y jenkins=${JENKINS_VERSION} unzip\n\n# install terraform\nwget -q https://releases.hashicorp.com/terraform/${TERRAFORM_VERSION}/terraform_${TERRAFORM_VERSION}_linux_amd64.zip \\\n\u0026\u0026 unzip -o terraform_${TERRAFORM_VERSION}_linux_amd64.zip -d /usr/local/bin \\\n\u0026\u0026 rm terraform_${TERRAFORM_VERSION}_linux_amd64.zip\n\n# install packer\ncd /usr/local/bin\nwget -q https://releases.hashicorp.com/packer/0.10.2/packer_0.10.2_linux_amd64.zip\nunzip packer_0.10.2_linux_amd64.zip\n# clean up\napt-get clean\nrm terraform_${TERRAFORM_VERSION}_linux_amd64.zip\nrm packer_0.10.2_linux_amd64.zip\n",
            "vars": {
              "DEVICE": "/dev/xvdh",
              "JENKINS_VERSION": "2.235.5",
              "TERRAFORM_VERSION": "0.12.23"
            }
          }
        }
      ]
    },
    {
      "mode": "managed",
      "type": "aws_ebs_volume",
      "name": "jenkins-data",
      "provider": "provider[\"registry.terraform.io/hashicorp/aws\"]",
      "instances": [
        {
          "schema_version": 0,
          "attributes": {
            "arn": "arn:aws:ec2:us-east-1:551251052817:volume/vol-044aecbebbda73480",
            "availability_zone": "us-east-1a",
            "encrypted": true,
            "id": "vol-044aecbebbda73480",
            "iops": 100,
            "kms_key_id": "arn:aws:kms:us-east-1:551251052817:key/86722411-bacc-4366-afb6-372ed9693ccf",
            "multi_attach_enabled": false,
            "outpost_arn": "",
            "size": 20,
            "snapshot_id": "",
            "tags": {
              "Name": "jenkins-data"
            },
            "type": "gp2"
          },
          "private": "bnVsbA=="
        }
      ]
    },
    {
      "mode": "managed",
      "type": "aws_iam_instance_profile",
      "name": "jenkins-role",
      "provider": "provider[\"registry.terraform.io/hashicorp/aws\"]",
      "instances": [
        {
          "schema_version": 0,
          "attributes": {
            "arn": "arn:aws:iam::551251052817:instance-profile/jenkins-role",
            "create_date": "2020-08-28T22:56:08Z",
            "id": "jenkins-role",
            "name": "jenkins-role",
            "name_prefix": null,
            "path": "/",
            "role": "jenkins-role",
            "unique_id": "AIPAYAWI7REISRE35ORZ5"
          },
          "private": "bnVsbA==",
          "dependencies": [
            "aws_iam_role.jenkins-role"
          ]
        }
      ]
    },
    {
      "mode": "managed",
      "type": "aws_iam_role",
      "name": "jenkins-role",
      "provider": "provider[\"registry.terraform.io/hashicorp/aws\"]",
      "instances": [
        {
          "schema_version": 0,
          "attributes": {
            "arn": "arn:aws:iam::551251052817:role/jenkins-role",
            "assume_role_policy": "{\"Version\":\"2012-10-17\",\"Statement\":[{\"Sid\":\"\",\"Effect\":\"Allow\",\"Principal\":{\"Service\":\"ec2.amazonaws.com\"},\"Action\":\"sts:AssumeRole\"}]}",
            "create_date": "2020-08-28T22:56:07Z",
            "description": "",
            "force_detach_policies": false,
            "id": "jenkins-role",
            "max_session_duration": 3600,
            "name": "jenkins-role",
            "name_prefix": null,
            "path": "/",
            "permissions_boundary": null,
            "tags": null,
            "unique_id": "AROAYAWI7REIQLN6UCAV2"
          },
          "private": "bnVsbA=="
        }
      ]
    },
    {
      "mode": "managed",
      "type": "aws_iam_role_policy",
      "name": "admin-policy",
      "provider": "provider[\"registry.terraform.io/hashicorp/aws\"]",
      "instances": [
        {
          "schema_version": 0,
          "attributes": {
            "id": "jenkins-role:jenkins-admin-role-policy",
            "name": "jenkins-admin-role-policy",
            "name_prefix": null,
            "policy": "{\n    \"Version\": \"2012-10-17\",\n    \"Statement\": [\n        {\n            \"Action\": [\n            \"*\"\n            ],\n            \"Effect\": \"Allow\",\n            \"Resource\": \"*\"\n        }\n    ]\n}\n",
            "role": "jenkins-role"
          },
          "private": "bnVsbA==",
          "dependencies": [
            "aws_iam_role.jenkins-role"
          ]
        }
      ]
    },
    {
      "mode": "managed",
      "type": "aws_instance",
      "name": "jenkins-instance",
      "provider": "provider[\"registry.terraform.io/hashicorp/aws\"]",
      "instances": [
        {
          "schema_version": 1,
          "attributes": {
            "ami": "ami-0c34018d0aabaef93",
            "arn": "arn:aws:ec2:us-east-1:551251052817:instance/i-03ebbe81c73f7d196",
            "associate_public_ip_address": true,
            "availability_zone": "us-east-1a",
            "cpu_core_count": 1,
            "cpu_threads_per_core": 1,
            "credit_specification": [
              {
                "cpu_credits": "standard"
              }
            ],
            "disable_api_termination": false,
            "ebs_block_device": [],
            "ebs_optimized": false,
            "ephemeral_block_device": [],
            "get_password_data": false,
            "hibernation": false,
            "host_id": null,
            "iam_instance_profile": "jenkins-role",
            "id": "i-03ebbe81c73f7d196",
            "instance_initiated_shutdown_behavior": null,
            "instance_state": "running",
            "instance_type": "t2.small",
            "ipv6_address_count": 0,
            "ipv6_addresses": [],
            "key_name": "mykeypair",
            "metadata_options": [
              {
                "http_endpoint": "enabled",
                "http_put_response_hop_limit": 1,
                "http_tokens": "optional"
              }
            ],
            "monitoring": false,
            "network_interface": [],
            "outpost_arn": "",
            "password_data": "",
            "placement_group": "",
            "primary_network_interface_id": "eni-00aea2eddd483bd0f",
            "private_dns": "ip-10-0-1-198.ec2.internal",
            "private_ip": "10.0.1.198",
            "public_dns": "ec2-34-228-10-84.compute-1.amazonaws.com",
            "public_ip": "34.228.10.84",
            "root_block_device": [
              {
                "delete_on_termination": true,
                "device_name": "/dev/sda1",
                "encrypted": true,
                "iops": 100,
                "kms_key_id": "arn:aws:kms:us-east-1:551251052817:key/86722411-bacc-4366-afb6-372ed9693ccf",
                "volume_id": "vol-0b9463a1bccd1f4f1",
                "volume_size": 8,
                "volume_type": "gp2"
              }
            ],
            "secondary_private_ips": [],
            "security_groups": [],
            "source_dest_check": true,
            "subnet_id": "subnet-0d405e97895422445",
            "tags": null,
            "tenancy": "default",
            "timeouts": null,
            "user_data": "8cd7cd1f13def297bcbeb15103acacb6dd857b5c",
            "user_data_base64": null,
            "volume_tags": {},
            "vpc_security_group_ids": [
              "sg-0faaefd9219dbde2f"
            ]
          },
          "private": "eyJlMmJmYjczMC1lY2FhLTExZTYtOGY4OC0zNDM2M2JjN2M0YzAiOnsiY3JlYXRlIjo2MDAwMDAwMDAwMDAsImRlbGV0ZSI6MTIwMDAwMDAwMDAwMCwidXBkYXRlIjo2MDAwMDAwMDAwMDB9LCJzY2hlbWFfdmVyc2lvbiI6IjEifQ==",
          "dependencies": [
            "aws_iam_instance_profile.jenkins-role",
            "aws_iam_role.jenkins-role",
            "aws_key_pair.mykeypair",
            "aws_security_group.jenkins-securitygroup",
            "aws_subnet.main-public-1",
            "aws_vpc.main",
            "data.aws_ami.ubuntu",
            "data.template_cloudinit_config.cloudinit-jenkins"
          ]
        }
      ]
    },
    {
      "mode": "managed",
      "type": "aws_internet_gateway",
      "name": "main-gw",
      "provider": "provider[\"registry.terraform.io/hashicorp/aws\"]",
      "instances": [
        {
          "schema_version": 0,
          "attributes": {
            "arn": "arn:aws:ec2:us-east-1:551251052817:internet-gateway/igw-09d5c9ef274653758",
            "id": "igw-09d5c9ef274653758",
            "owner_id": "551251052817",
            "tags": {
              "Name": "main"
            },
            "vpc_id": "vpc-09f11130c7e5d7d3c"
          },
          "private": "bnVsbA==",
          "dependencies": [
            "aws_vpc.main"
          ]
        }
      ]
    },
    {
      "mode": "managed",
      "type": "aws_key_pair",
      "name": "mykeypair",
      "provider": "provider[\"registry.terraform.io/hashicorp/aws\"]",
      "instances": [
        {
          "schema_version": 1,
          "attributes": {
            "arn": "arn:aws:ec2:us-east-1:551251052817:key-pair/mykeypair",
            "fingerprint": "e1:a7:75:2e:46:7d:9a:fe:a5:c6:90:34:fe:58:64:cf",
            "id": "mykeypair",
            "key_name": "mykeypair",
            "key_name_prefix": null,
            "key_pair_id": "key-0e5022d4535e24b71",
            "public_key": "ssh-rsa AAAAB3NzaC1yc2EAAAADAQABAAABgQDFgxysRW0430hvy+fLsFhbwt186uE055oGzjStUoBFCQnpas07tHaIadEhkWC9/coeUBGZvSSTgGkTPibpM9Uf0wC8VSZ+rDFujoBDmbObz86QGbwUQmmyIZPYLOE0FEsUBnsI6czn1OKHzpqKtlj/z9FWz13cVRttJrjsI5X24oUC6wX5RKAC/UiJJp4/1XnQeaZ9Y3cVqB1h4PcaGvfpTeeep0vebKnXyt6h+83aFN8T5pOEU/Nxsov6RtExeWEknxNhi0zNCLDVnuWgXiG6MhRAPTslfBSDyQLz/zekT+dLRCvUSt7ceGwGPPBjArSRZRDHv2cEjwD4bX1jr5gWoKAY2Jsmpy+I1wqbydBVWiVjyTBc3WslxNlQWM6rUV/jApzfmIHDH9kHsmGblfeZOgAZqK0f+3+Buncjc3njZNIMGtO7xsM4XEXUbB4PeClBAt1o5VRCeNV5UlPHRI+i50VlMJWukUrOZ9C0I/J9ykZ43IpNqdm5eegjiZGJlcs= abompa@Adrians-MBP.home",
            "tags": null
          },
          "private": "eyJzY2hlbWFfdmVyc2lvbiI6IjEifQ=="
        }
      ]
    },
    {
      "mode": "managed",
      "type": "aws_route_table",
      "name": "main-public",
      "provider": "provider[\"registry.terraform.io/hashicorp/aws\"]",
      "instances": [
        {
          "schema_version": 0,
          "attributes": {
            "id": "rtb-04192c0cacb156efa",
            "owner_id": "551251052817",
            "propagating_vgws": [],
            "route": [
              {
                "cidr_block": "0.0.0.0/0",
                "egress_only_gateway_id": "",
                "gateway_id": "igw-09d5c9ef274653758",
                "instance_id": "",
                "ipv6_cidr_block": "",
                "nat_gateway_id": "",
                "network_interface_id": "",
                "transit_gateway_id": "",
                "vpc_peering_connection_id": ""
              }
            ],
            "tags": {
              "Name": "main-public-1"
            },
            "vpc_id": "vpc-09f11130c7e5d7d3c"
          },
          "private": "bnVsbA==",
          "dependencies": [
            "aws_internet_gateway.main-gw",
            "aws_vpc.main"
          ]
        }
      ]
    },
    {
      "mode": "managed",
      "type": "aws_route_table_association",
      "name": "main-public-1-a",
      "provider": "provider[\"registry.terraform.io/hashicorp/aws\"]",
      "instances": [
        {
          "schema_version": 0,
          "attributes": {
            "gateway_id": null,
            "id": "rtbassoc-0d38fe2c0e2e64573",
            "route_table_id": "rtb-04192c0cacb156efa",
            "subnet_id": "subnet-0d405e97895422445"
          },
          "private": "bnVsbA==",
          "dependencies": [
            "aws_internet_gateway.main-gw",
            "aws_route_table.main-public",
            "aws_subnet.main-public-1",
            "aws_vpc.main"
          ]
        }
      ]
    },
    {
      "mode": "managed",
      "type": "aws_security_group",
      "name": "jenkins-securitygroup",
      "provider": "provider[\"registry.terraform.io/hashicorp/aws\"]",
      "instances": [
        {
          "schema_version": 1,
          "attributes": {
            "arn": "arn:aws:ec2:us-east-1:551251052817:security-group/sg-0faaefd9219dbde2f",
            "description": "security group that alows ssh and all egress traffic",
            "egress": [
              {
                "cidr_blocks": [
                  "0.0.0.0/0"
                ],
                "description": "",
                "from_port": 0,
                "ipv6_cidr_blocks": [],
                "prefix_list_ids": [],
                "protocol": "-1",
                "security_groups": [],
                "self": false,
                "to_port": 0
              }
            ],
            "id": "sg-0faaefd9219dbde2f",
            "ingress": [
              {
                "cidr_blocks": [
                  "0.0.0.0/0"
                ],
                "description": "",
                "from_port": 22,
                "ipv6_cidr_blocks": [],
                "prefix_list_ids": [],
                "protocol": "tcp",
                "security_groups": [],
                "self": false,
                "to_port": 22
              },
              {
                "cidr_blocks": [
                  "0.0.0.0/0"
                ],
                "description": "",
                "from_port": 8080,
                "ipv6_cidr_blocks": [],
                "prefix_list_ids": [],
                "protocol": "tcp",
                "security_groups": [],
                "self": false,
                "to_port": 8080
              }
            ],
            "name": "jenkins-securitygroup",
            "name_prefix": "",
            "owner_id": "551251052817",
            "revoke_rules_on_delete": false,
            "tags": {
              "Name": "jenkins-securitygroup"
            },
            "timeouts": null,
            "vpc_id": "vpc-09f11130c7e5d7d3c"
          },
          "private": "eyJlMmJmYjczMC1lY2FhLTExZTYtOGY4OC0zNDM2M2JjN2M0YzAiOnsiY3JlYXRlIjo2MDAwMDAwMDAwMDAsImRlbGV0ZSI6NjAwMDAwMDAwMDAwfSwic2NoZW1hX3ZlcnNpb24iOiIxIn0=",
          "dependencies": [
            "aws_vpc.main"
          ]
        }
      ]
    },
    {
      "mode": "managed",
      "type": "aws_subnet",
      "name": "main-private-1",
      "provider": "provider[\"registry.terraform.io/hashicorp/aws\"]",
      "instances": [
        {
          "schema_version": 1,
          "attributes": {
            "arn": "arn:aws:ec2:us-east-1:551251052817:subnet/subnet-0ed222cf10b699301",
            "assign_ipv6_address_on_creation": false,
            "availability_zone": "us-east-1a",
            "availability_zone_id": "use1-az4",
            "cidr_block": "10.0.2.0/24",
            "id": "subnet-0ed222cf10b699301",
            "ipv6_cidr_block": "",
            "ipv6_cidr_block_association_id": "",
            "map_public_ip_on_launch": false,
            "outpost_arn": "",
            "owner_id": "551251052817",
            "tags": {
              "Name": "main-private-1"
            },
            "timeouts": null,
            "vpc_id": "vpc-09f11130c7e5d7d3c"
          },
          "private": "eyJlMmJmYjczMC1lY2FhLTExZTYtOGY4OC0zNDM2M2JjN2M0YzAiOnsiY3JlYXRlIjo2MDAwMDAwMDAwMDAsImRlbGV0ZSI6MTIwMDAwMDAwMDAwMH0sInNjaGVtYV92ZXJzaW9uIjoiMSJ9",
          "dependencies": [
            "aws_vpc.main"
          ]
        }
      ]
    },
    {
      "mode": "managed",
      "type": "aws_subnet",
      "name": "main-public-1",
      "provider": "provider[\"registry.terraform.io/hashicorp/aws\"]",
      "instances": [
        {
          "schema_version": 1,
          "attributes": {
            "arn": "arn:aws:ec2:us-east-1:551251052817:subnet/subnet-0d405e97895422445",
            "assign_ipv6_address_on_creation": false,
            "availability_zone": "us-east-1a",
            "availability_zone_id": "use1-az4",
            "cidr_block": "10.0.1.0/24",
            "id": "subnet-0d405e97895422445",
            "ipv6_cidr_block": "",
            "ipv6_cidr_block_association_id": "",
            "map_public_ip_on_launch": true,
            "outpost_arn": "",
            "owner_id": "551251052817",
            "tags": {
              "Name": "main-public-1"
            },
            "timeouts": null,
            "vpc_id": "vpc-09f11130c7e5d7d3c"
          },
          "private": "eyJlMmJmYjczMC1lY2FhLTExZTYtOGY4OC0zNDM2M2JjN2M0YzAiOnsiY3JlYXRlIjo2MDAwMDAwMDAwMDAsImRlbGV0ZSI6MTIwMDAwMDAwMDAwMH0sInNjaGVtYV92ZXJzaW9uIjoiMSJ9",
          "dependencies": [
            "aws_vpc.main"
          ]
        }
      ]
    },
    {
      "mode": "managed",
      "type": "aws_volume_attachment",
      "name": "jenkins-data-attachment",
      "provider": "provider[\"registry.terraform.io/hashicorp/aws\"]",
      "instances": [
        {
          "schema_version": 0,
          "attributes": {
            "device_name": "/dev/xvdh",
            "force_detach": null,
            "id": "vai-1938876470",
            "instance_id": "i-03ebbe81c73f7d196",
            "skip_destroy": true,
            "volume_id": "vol-044aecbebbda73480"
          },
          "private": "bnVsbA==",
          "dependencies": [
            "aws_ebs_volume.jenkins-data",
            "aws_iam_instance_profile.jenkins-role",
            "aws_iam_role.jenkins-role",
            "aws_instance.jenkins-instance",
            "aws_key_pair.mykeypair",
            "aws_security_group.jenkins-securitygroup",
            "aws_subnet.main-public-1",
            "aws_vpc.main",
            "data.aws_ami.ubuntu",
            "data.template_cloudinit_config.cloudinit-jenkins"
          ]
        }
      ]
    },
    {
      "mode": "managed",
      "type": "aws_vpc",
      "name": "main",
      "provider": "provider[\"registry.terraform.io/hashicorp/aws\"]",
      "instances": [
        {
          "schema_version": 1,
          "attributes": {
            "arn": "arn:aws:ec2:us-east-1:551251052817:vpc/vpc-09f11130c7e5d7d3c",
            "assign_generated_ipv6_cidr_block": false,
            "cidr_block": "10.0.0.0/16",
            "default_network_acl_id": "acl-0d685e328c1386480",
            "default_route_table_id": "rtb-09c4720aa67ce80b2",
            "default_security_group_id": "sg-0c1a57a5a197df0c6",
            "dhcp_options_id": "dopt-00cdbfccf8ac1cfee",
            "enable_classiclink": false,
            "enable_classiclink_dns_support": false,
            "enable_dns_hostnames": true,
            "enable_dns_support": true,
            "id": "vpc-09f11130c7e5d7d3c",
            "instance_tenancy": "default",
            "ipv6_association_id": "",
            "ipv6_cidr_block": "",
            "main_route_table_id": "rtb-09c4720aa67ce80b2",
            "owner_id": "551251052817",
            "tags": {
              "Name": "main"
            }
          },
          "private": "eyJzY2hlbWFfdmVyc2lvbiI6IjEifQ=="
        }
      ]
    }
  ]
}
